
Microsoft Visual Studio Solution File, Format Version 12.00
# Visual Studio Version 17
VisualStudioVersion = 17.9.34723.18
MinimumVisualStudioVersion = 10.0.40219.1
Project("{FAE04EC0-301F-11D3-BF4B-00C04F79EFBC}") = "Web", "Web\Web.csproj", "{4FB2B8AD-394D-4A7D-9F45-3727F7F43357}"
EndProject
Global
	GlobalSection(SolutionConfigurationPlatforms) = preSolution
		Debug|Any CPU = Debug|Any CPU
		Release|Any CPU = Release|Any CPU
	EndGlobalSection
	GlobalSection(ProjectConfigurationPlatforms) = postSolution
		{4FB2B8AD-394D-4A7D-9F45-3727F7F43357}.Debug|Any CPU.ActiveCfg = Debug|Any CPU
		{4FB2B8AD-394D-4A7D-9F45-3727F7F43357}.Debug|Any CPU.Build.0 = Debug|Any CPU
		{4FB2B8AD-394D-4A7D-9F45-3727F7F43357}.Release|Any CPU.ActiveCfg = Release|Any CPU
		{4FB2B8AD-394D-4A7D-9F45-3727F7F43357}.Release|Any CPU.Build.0 = Release|Any CPU
	EndGlobalSection
	GlobalSection(SolutionProperties) = preSolution
		HideSolutionNode = FALSE
	EndGlobalSection
	GlobalSection(ExtensibilityGlobals) = postSolution
		SolutionGuid = {35F8DF80-71B9-4653-9275-60E4E79EEC91}
	EndGlobalSection
EndGlobal
